
Microsoft Visual Studio Solution File, Format Version 12.00
# Visual Studio 15
VisualStudioVersion = 15.0.26730.8
MinimumVisualStudioVersion = 10.0.40219.1
Project("{9A19103F-16F7-4668-BE54-9A1E7A4F7556}") = "SinaWeiboLoginCore", "SinaWeiboLoginCore\SinaWeiboLoginCore.csproj", "{544073D5-8A03-4151-860D-4E0FA1EBE864}"
EndProject
Project("{FAE04EC0-301F-11D3-BF4B-00C04F79EFBC}") = "SinaWeiboLoginTest", "SinaWeiboLoginTest\SinaWeiboLoginTest.csproj", "{D7131E9F-D620-4C09-A53F-F80D1E18C6F7}"
EndProject
Global
	GlobalSection(SolutionConfigurationPlatforms) = preSolution
		Debug|Any CPU = Debug|Any CPU
		Release|Any CPU = Release|Any CPU
	EndGlobalSection
	GlobalSection(ProjectConfigurationPlatforms) = postSolution
		{544073D5-8A03-4151-860D-4E0FA1EBE864}.Debug|Any CPU.ActiveCfg = Debug|Any CPU
		{544073D5-8A03-4151-860D-4E0FA1EBE864}.Debug|Any CPU.Build.0 = Debug|Any CPU
		{544073D5-8A03-4151-860D-4E0FA1EBE864}.Release|Any CPU.ActiveCfg = Release|Any CPU
		{544073D5-8A03-4151-860D-4E0FA1EBE864}.Release|Any CPU.Build.0 = Release|Any CPU
		{D7131E9F-D620-4C09-A53F-F80D1E18C6F7}.Debug|Any CPU.ActiveCfg = Debug|Any CPU
		{D7131E9F-D620-4C09-A53F-F80D1E18C6F7}.Debug|Any CPU.Build.0 = Debug|Any CPU
		{D7131E9F-D620-4C09-A53F-F80D1E18C6F7}.Release|Any CPU.ActiveCfg = Release|Any CPU
		{D7131E9F-D620-4C09-A53F-F80D1E18C6F7}.Release|Any CPU.Build.0 = Release|Any CPU
	EndGlobalSection
	GlobalSection(SolutionProperties) = preSolution
		HideSolutionNode = FALSE
	EndGlobalSection
	GlobalSection(ExtensibilityGlobals) = postSolution
		SolutionGuid = {AD87AE8C-11D0-486E-A93D-23DF4E5BB6F7}
	EndGlobalSection
EndGlobal
